[[package]]
name = "asgiref"
version = "3.5.0"
description = "ASGI specs, helper code, and adapters"
category = "main"
optional = false
python-versions = ">=3.7"

[package.extras]
tests = ["pytest", "pytest-asyncio", "mypy (>=0.800)"]

[[package]]
name = "dj-database-url"
version = "0.5.0"
description = "Use Database URLs in your Django Application."
category = "main"
optional = false
python-versions = "*"

[[package]]
name = "dj-email-url"
version = "1.0.5"
description = "Use an URL to configure email backend settings in your Django Application."
category = "main"
optional = false
python-versions = "*"

[[package]]
name = "django"
version = "4.0.3"
description = "A high-level Python web framework that encourages rapid development and clean, pragmatic design."
category = "main"
optional = false
python-versions = ">=3.8"

[package.dependencies]
asgiref = ">=3.4.1,<4"
sqlparse = ">=0.2.2"
tzdata = {version = "*", markers = "sys_platform == \"win32\""}

[package.extras]
argon2 = ["argon2-cffi (>=19.1.0)"]
bcrypt = ["bcrypt"]

[[package]]
name = "django-cache-url"
version = "3.4.0"
description = "Use Cache URLs in your Django application."
category = "main"
optional = false
python-versions = "*"

[[package]]
name = "djangorestframework"
version = "3.13.1"
description = "Web APIs for Django, made easy."
category = "main"
optional = false
python-versions = ">=3.6"

[package.dependencies]
django = ">=2.2"
pytz = "*"

[[package]]
name = "environs"
version = "9.5.0"
description = "simplified environment variable parsing"
category = "main"
optional = false
python-versions = ">=3.6"

[package.dependencies]
dj-database-url = {version = "*", optional = true, markers = "extra == \"django\""}
dj-email-url = {version = "*", optional = true, markers = "extra == \"django\""}
django-cache-url = {version = "*", optional = true, markers = "extra == \"django\""}
marshmallow = ">=3.0.0"
python-dotenv = "*"

[package.extras]
dev = ["pytest", "dj-database-url", "dj-email-url", "django-cache-url", "flake8 (==4.0.1)", "flake8-bugbear (==21.9.2)", "mypy (==0.910)", "pre-commit (>=2.4,<3.0)", "tox"]
django = ["dj-database-url", "dj-email-url", "django-cache-url"]
lint = ["flake8 (==4.0.1)", "flake8-bugbear (==21.9.2)", "mypy (==0.910)", "pre-commit (>=2.4,<3.0)"]
tests = ["pytest", "dj-database-url", "dj-email-url", "django-cache-url"]

[[package]]
name = "marshmallow"
version = "3.15.0"
description = "A lightweight library for converting complex datatypes to and from native Python datatypes."
category = "main"
optional = false
python-versions = ">=3.7"

[package.dependencies]
packaging = "*"

[package.extras]
dev = ["pytest", "pytz", "simplejson", "mypy (==0.940)", "flake8 (==4.0.1)", "flake8-bugbear (==22.1.11)", "pre-commit (>=2.4,<3.0)", "tox"]
docs = ["sphinx (==4.4.0)", "sphinx-issues (==3.0.1)", "alabaster (==0.7.12)", "sphinx-version-warning (==1.1.2)", "autodocsumm (==0.2.7)"]
lint = ["mypy (==0.940)", "flake8 (==4.0.1)", "flake8-bugbear (==22.1.11)", "pre-commit (>=2.4,<3.0)"]
tests = ["pytest", "pytz", "simplejson"]

[[package]]
name = "packaging"
version = "21.3"
description = "Core utilities for Python packages"
category = "main"
optional = false
python-versions = ">=3.6"

[package.dependencies]
pyparsing = ">=2.0.2,<3.0.5 || >3.0.5"

[[package]]
name = "pygments"
version = "2.11.2"
description = "Pygments is a syntax highlighting package written in Python."
category = "main"
optional = false
python-versions = ">=3.5"

[[package]]
name = "pyparsing"
version = "3.0.7"
description = "Python parsing module"
category = "main"
optional = false
python-versions = ">=3.6"

[package.extras]
diagrams = ["jinja2", "railroad-diagrams"]

[[package]]
name = "python-dotenv"
version = "0.20.0"
description = "Read key-value pairs from a .env file and set them as environment variables"
category = "main"
optional = false
python-versions = ">=3.5"

[package.extras]
cli = ["click (>=5.0)"]

[[package]]
name = "pytz"
version = "2022.1"
description = "World timezone definitions, modern and historical"
category = "main"
optional = false
python-versions = "*"

[[package]]
name = "sqlparse"
version = "0.4.2"
description = "A non-validating SQL parser."
category = "main"
optional = false
python-versions = ">=3.5"

[[package]]
name = "tzdata"
version = "2022.1"
description = "Provider of IANA time zone data"
category = "main"
optional = false
python-versions = ">=2"

[metadata]
lock-version = "1.1"
python-versions = "^3.10"
content-hash = "7e012ee59f991b84ae9c0913cdb598db87838a7578fbc1bc5a1894eac4a918fb"

[metadata.files]
asgiref = [
    {file = "asgiref-3.5.0-py3-none-any.whl", hash = "sha256:88d59c13d634dcffe0510be048210188edd79aeccb6a6c9028cdad6f31d730a9"},
    {file = "asgiref-3.5.0.tar.gz", hash = "sha256:2f8abc20f7248433085eda803936d98992f1343ddb022065779f37c5da0181d0"},
]
dj-database-url = [
    {file = "dj-database-url-0.5.0.tar.gz", hash = "sha256:4aeaeb1f573c74835b0686a2b46b85990571159ffc21aa57ecd4d1e1cb334163"},
    {file = "dj_database_url-0.5.0-py2.py3-none-any.whl", hash = "sha256:851785365761ebe4994a921b433062309eb882fedd318e1b0fcecc607ed02da9"},
]
dj-email-url = [
    {file = "dj-email-url-1.0.5.tar.gz", hash = "sha256:ef36f8a324ec57cf3be5c7a7ef44ed6900ca0208624a918ab33adc1cf6427b39"},
    {file = "dj_email_url-1.0.5-py2.py3-none-any.whl", hash = "sha256:64257c4f9d8139a4af8e5267229d32260e433fbf257b0cf8fc855bb0cc39ca7d"},
]
django = [
    {file = "Django-4.0.3-py3-none-any.whl", hash = "sha256:1239218849e922033a35d2a2f777cb8bee18bd725416744074f455f34ff50d0c"},
    {file = "Django-4.0.3.tar.gz", hash = "sha256:77ff2e7050e3324c9b67e29b6707754566f58514112a9ac73310f60cd5261930"},
]
django-cache-url = [
    {file = "django-cache-url-3.4.0.tar.gz", hash = "sha256:4559398a946ff24c4ee96e32c55e3b760bd69f7c2ba48844cdf8fcb4f76d10bd"},
    {file = "django_cache_url-3.4.0-py2.py3-none-any.whl", hash = "sha256:9061f8e7ffbb29eb92ba93fa9058003ec92393e85c537d1969570652ff8721fa"},
]
djangorestframework = [
    {file = "djangorestframework-3.13.1-py3-none-any.whl", hash = "sha256:24c4bf58ed7e85d1fe4ba250ab2da926d263cd57d64b03e8dcef0ac683f8b1aa"},
    {file = "djangorestframework-3.13.1.tar.gz", hash = "sha256:0c33407ce23acc68eca2a6e46424b008c9c02eceb8cf18581921d0092bc1f2ee"},
]
environs = [
    {file = "environs-9.5.0-py2.py3-none-any.whl", hash = "sha256:1e549569a3de49c05f856f40bce86979e7d5ffbbc4398e7f338574c220189124"},
    {file = "environs-9.5.0.tar.gz", hash = "sha256:a76307b36fbe856bdca7ee9161e6c466fd7fcffc297109a118c59b54e27e30c9"},
]
marshmallow = [
    {file = "marshmallow-3.15.0-py3-none-any.whl", hash = "sha256:ff79885ed43b579782f48c251d262e062bce49c65c52412458769a4fb57ac30f"},
    {file = "marshmallow-3.15.0.tar.gz", hash = "sha256:2aaaab4f01ef4f5a011a21319af9fce17ab13bf28a026d1252adab0e035648d5"},
]
packaging = [
    {file = "packaging-21.3-py3-none-any.whl", hash = "sha256:ef103e05f519cdc783ae24ea4e2e0f508a9c99b2d4969652eed6a2e1ea5bd522"},
    {file = "packaging-21.3.tar.gz", hash = "sha256:dd47c42927d89ab911e606518907cc2d3a1f38bbd026385970643f9c5b8ecfeb"},
]
pygments = [
    {file = "Pygments-2.11.2-py3-none-any.whl", hash = "sha256:44238f1b60a76d78fc8ca0528ee429702aae011c265fe6a8dd8b63049ae41c65"},
    {file = "Pygments-2.11.2.tar.gz", hash = "sha256:4e426f72023d88d03b2fa258de560726ce890ff3b630f88c21cbb8b2503b8c6a"},
]
pyparsing = [
    {file = "pyparsing-3.0.7-py3-none-any.whl", hash = "sha256:a6c06a88f252e6c322f65faf8f418b16213b51bdfaece0524c1c1bc30c63c484"},
    {file = "pyparsing-3.0.7.tar.gz", hash = "sha256:18ee9022775d270c55187733956460083db60b37d0d0fb357445f3094eed3eea"},
]
python-dotenv = [
    {file = "python-dotenv-0.20.0.tar.gz", hash = "sha256:b7e3b04a59693c42c36f9ab1cc2acc46fa5df8c78e178fc33a8d4cd05c8d498f"},
    {file = "python_dotenv-0.20.0-py3-none-any.whl", hash = "sha256:d92a187be61fe482e4fd675b6d52200e7be63a12b724abbf931a40ce4fa92938"},
]
pytz = [
    {file = "pytz-2022.1-py2.py3-none-any.whl", hash = "sha256:e68985985296d9a66a881eb3193b0906246245294a881e7c8afe623866ac6a5c"},
    {file = "pytz-2022.1.tar.gz", hash = "sha256:1e760e2fe6a8163bc0b3d9a19c4f84342afa0a2affebfaa84b01b978a02ecaa7"},
]
sqlparse = [
    {file = "sqlparse-0.4.2-py3-none-any.whl", hash = "sha256:48719e356bb8b42991bdbb1e8b83223757b93789c00910a616a071910ca4a64d"},
    {file = "sqlparse-0.4.2.tar.gz", hash = "sha256:0c00730c74263a94e5a9919ade150dfc3b19c574389985446148402998287dae"},
]
tzdata = [
    {file = "tzdata-2022.1-py2.py3-none-any.whl", hash = "sha256:238e70234214138ed7b4e8a0fab0e5e13872edab3be586ab8198c407620e2ab9"},
    {file = "tzdata-2022.1.tar.gz", hash = "sha256:8b536a8ec63dc0751342b3984193a3118f8fca2afe25752bb9b7fffd398552d3"},
]
